// !$*UTF8*$!
{
	archiveVersion = 1;
	classes = {
	};
	objectVersion = 55;
	objects = {

/* Begin PBXBuildFile section */
		BE0AFD4A27A6BA12007A5E4D /* TaskManagementApp.swift in Sources */ = {isa = PBXBuildFile; fileRef = BE0AFD4927A6BA12007A5E4D /* TaskManagementApp.swift */; };
		BE0AFD4C27A6BA12007A5E4D /* ContentView.swift in Sources */ = {isa = PBXBuildFile; fileRef = BE0AFD4B27A6BA12007A5E4D /* ContentView.swift */; };
		BE0AFD4E27A6BA14007A5E4D /* Assets.xcassets in Resources */ = {isa = PBXBuildFile; fileRef = BE0AFD4D27A6BA14007A5E4D /* Assets.xcassets */; };
		BE0AFD5127A6BA14007A5E4D /* Preview Assets.xcassets in Resources */ = {isa = PBXBuildFile; fileRef = BE0AFD5027A6BA14007A5E4D /* Preview Assets.xcassets */; };
		BE0AFD5B27A6BA14007A5E4D /* TaskManagementTests.swift in Sources */ = {isa = PBXBuildFile; fileRef = BE0AFD5A27A6BA14007A5E4D /* TaskManagementTests.swift */; };
		BE0AFD6527A6BA14007A5E4D /* TaskManagementUITests.swift in Sources */ = {isa = PBXBuildFile; fileRef = BE0AFD6427A6BA14007A5E4D /* TaskManagementUITests.swift */; };
		BE0AFD6727A6BA14007A5E4D /* TaskManagementUITestsLaunchTests.swift in Sources */ = {isa = PBXBuildFile; fileRef = BE0AFD6627A6BA14007A5E4D /* TaskManagementUITestsLaunchTests.swift */; };
		BE0AFD7627A6BABF007A5E4D /* Task.swift in Sources */ = {isa = PBXBuildFile; fileRef = BE0AFD7527A6BABF007A5E4D /* Task.swift */; };
		BE0AFD7927A6BB65007A5E4D /* TaskViewModel.swift in Sources */ = {isa = PBXBuildFile; fileRef = BE0AFD7827A6BB65007A5E4D /* TaskViewModel.swift */; };
		BE0AFD7B27A6BE7B007A5E4D /* HomeView.swift in Sources */ = {isa = PBXBuildFile; fileRef = BE0AFD7A27A6BE7B007A5E4D /* HomeView.swift */; };
/* End PBXBuildFile section */

/* Begin PBXContainerItemProxy section */
		BE0AFD5727A6BA14007A5E4D /* PBXContainerItemProxy */ = {
			isa = PBXContainerItemProxy;
			containerPortal = BE0AFD3E27A6BA12007A5E4D /* Project object */;
			proxyType = 1;
			remoteGlobalIDString = BE0AFD4527A6BA12007A5E4D;
			remoteInfo = TaskManagement;
		};
		BE0AFD6127A6BA14007A5E4D /* PBXContainerItemProxy */ = {
			isa = PBXContainerItemProxy;
			containerPortal = BE0AFD3E27A6BA12007A5E4D /* Project object */;
			proxyType = 1;
			remoteGlobalIDString = BE0AFD4527A6BA12007A5E4D;
			remoteInfo = TaskManagement;
		};
/* End PBXContainerItemProxy section */

/* Begin PBXFileReference section */
		BE0AFD4627A6BA12007A5E4D /* TaskManagement.app */ = {isa = PBXFileReference; explicitFileType = wrapper.application; includeInIndex = 0; path = TaskManagement.app; sourceTree = BUILT_PRODUCTS_DIR; };
		BE0AFD4927A6BA12007A5E4D /* TaskManagementApp.swift */ = {isa = PBXFileReference; lastKnownFileType = sourcecode.swift; path = TaskManagementApp.swift; sourceTree = "<group>"; };
		BE0AFD4B27A6BA12007A5E4D /* ContentView.swift */ = {isa = PBXFileReference; lastKnownFileType = sourcecode.swift; path = ContentView.swift; sourceTree = "<group>"; };
		BE0AFD4D27A6BA14007A5E4D /* Assets.xcassets */ = {isa = PBXFileReference; lastKnownFileType = folder.assetcatalog; path = Assets.xcassets; sourceTree = "<group>"; };
		BE0AFD5027A6BA14007A5E4D /* Preview Assets.xcassets */ = {isa = PBXFileReference; lastKnownFileType = folder.assetcatalog; path = "Preview Assets.xcassets"; sourceTree = "<group>"; };
		BE0AFD5627A6BA14007A5E4D /* TaskManagementTests.xctest */ = {isa = PBXFileReference; explicitFileType = wrapper.cfbundle; includeInIndex = 0; path = TaskManagementTests.xctest; sourceTree = BUILT_PRODUCTS_DIR; };
		BE0AFD5A27A6BA14007A5E4D /* TaskManagementTests.swift */ = {isa = PBXFileReference; lastKnownFileType = sourcecode.swift; path = TaskManagementTests.swift; sourceTree = "<group>"; };
		BE0AFD6027A6BA14007A5E4D /* TaskManagementUITests.xctest */ = {isa = PBXFileReference; explicitFileType = wrapper.cfbundle; includeInIndex = 0; path = TaskManagementUITests.xctest; sourceTree = BUILT_PRODUCTS_DIR; };
		BE0AFD6427A6BA14007A5E4D /* TaskManagementUITests.swift */ = {isa = PBXFileReference; lastKnownFileType = sourcecode.swift; path = TaskManagementUITests.swift; sourceTree = "<group>"; };
		BE0AFD6627A6BA14007A5E4D /* TaskManagementUITestsLaunchTests.swift */ = {isa = PBXFileReference; lastKnownFileType = sourcecode.swift; path = TaskManagementUITestsLaunchTests.swift; sourceTree = "<group>"; };
		BE0AFD7527A6BABF007A5E4D /* Task.swift */ = {isa = PBXFileReference; lastKnownFileType = sourcecode.swift; path = Task.swift; sourceTree = "<group>"; };
		BE0AFD7827A6BB65007A5E4D /* TaskViewModel.swift */ = {isa = PBXFileReference; lastKnownFileType = sourcecode.swift; path = TaskViewModel.swift; sourceTree = "<group>"; };
		BE0AFD7A27A6BE7B007A5E4D /* HomeView.swift */ = {isa = PBXFileReference; lastKnownFileType = sourcecode.swift; path = HomeView.swift; sourceTree = "<group>"; };
/* End PBXFileReference section */

/* Begin PBXFrameworksBuildPhase section */
		BE0AFD4327A6BA12007A5E4D /* Frameworks */ = {
			isa = PBXFrameworksBuildPhase;
			buildActionMask = 2147483647;
			files = (
			);
			runOnlyForDeploymentPostprocessing = 0;
		};
		BE0AFD5327A6BA14007A5E4D /* Frameworks */ = {
			isa = PBXFrameworksBuildPhase;
			buildActionMask = 2147483647;
			files = (
			);
			runOnlyForDeploymentPostprocessing = 0;
		};
		BE0AFD5D27A6BA14007A5E4D /* Frameworks */ = {
			isa = PBXFrameworksBuildPhase;
			buildActionMask = 2147483647;
			files = (
			);
			runOnlyForDeploymentPostprocessing = 0;
		};
/* End PBXFrameworksBuildPhase section */

/* Begin PBXGroup section */
		BE0AFD3D27A6BA12007A5E4D = {
			isa = PBXGroup;
			children = (
				BE0AFD4827A6BA12007A5E4D /* TaskManagement */,
				BE0AFD5927A6BA14007A5E4D /* TaskManagementTests */,
				BE0AFD6327A6BA14007A5E4D /* TaskManagementUITests */,
				BE0AFD4727A6BA12007A5E4D /* Products */,
			);
			sourceTree = "<group>";
		};
		BE0AFD4727A6BA12007A5E4D /* Products */ = {
			isa = PBXGroup;
			children = (
				BE0AFD4627A6BA12007A5E4D /* TaskManagement.app */,
				BE0AFD5627A6BA14007A5E4D /* TaskManagementTests.xctest */,
				BE0AFD6027A6BA14007A5E4D /* TaskManagementUITests.xctest */,
			);
			name = Products;
			sourceTree = "<group>";
		};
		BE0AFD4827A6BA12007A5E4D /* TaskManagement */ = {
			isa = PBXGroup;
			children = (
				BE0AFD7727A6BB3F007A5E4D /* VIewModel */,
				BE0AFD7327A6BA70007A5E4D /* Model */,
				BE0AFD7427A6BA88007A5E4D /* View */,
				BE0AFD4927A6BA12007A5E4D /* TaskManagementApp.swift */,
				BE0AFD4B27A6BA12007A5E4D /* ContentView.swift */,
				BE0AFD4D27A6BA14007A5E4D /* Assets.xcassets */,
				BE0AFD4F27A6BA14007A5E4D /* Preview Content */,
			);
			path = TaskManagement;
			sourceTree = "<group>";
		};
		BE0AFD4F27A6BA14007A5E4D /* Preview Content */ = {
			isa = PBXGroup;
			children = (
				BE0AFD5027A6BA14007A5E4D /* Preview Assets.xcassets */,
			);
			path = "Preview Content";
			sourceTree = "<group>";
		};
		BE0AFD5927A6BA14007A5E4D /* TaskManagementTests */ = {
			isa = PBXGroup;
			children = (
				BE0AFD5A27A6BA14007A5E4D /* TaskManagementTests.swift */,
			);
			path = TaskManagementTests;
			sourceTree = "<group>";
		};
		BE0AFD6327A6BA14007A5E4D /* TaskManagementUITests */ = {
			isa = PBXGroup;
			children = (
				BE0AFD6427A6BA14007A5E4D /* TaskManagementUITests.swift */,
				BE0AFD6627A6BA14007A5E4D /* TaskManagementUITestsLaunchTests.swift */,
			);
			path = TaskManagementUITests;
			sourceTree = "<group>";
		};
		BE0AFD7327A6BA70007A5E4D /* Model */ = {
			isa = PBXGroup;
			children = (
				BE0AFD7527A6BABF007A5E4D /* Task.swift */,
			);
			path = Model;
			sourceTree = "<group>";
		};
		BE0AFD7427A6BA88007A5E4D /* View */ = {
			isa = PBXGroup;
			children = (
				BE0AFD7A27A6BE7B007A5E4D /* HomeView.swift */,
			);
			path = View;
			sourceTree = "<group>";
		};
		BE0AFD7727A6BB3F007A5E4D /* VIewModel */ = {
			isa = PBXGroup;
			children = (
				BE0AFD7827A6BB65007A5E4D /* TaskViewModel.swift */,
			);
			path = VIewModel;
			sourceTree = "<group>";
		};
/* End PBXGroup section */

/* Begin PBXNativeTarget section */
		BE0AFD4527A6BA12007A5E4D /* TaskManagement */ = {
			isa = PBXNativeTarget;
			buildConfigurationList = BE0AFD6A27A6BA14007A5E4D /* Build configuration list for PBXNativeTarget "TaskManagement" */;
			buildPhases = (
				BE0AFD4227A6BA12007A5E4D /* Sources */,
				BE0AFD4327A6BA12007A5E4D /* Frameworks */,
				BE0AFD4427A6BA12007A5E4D /* Resources */,
			);
			buildRules = (
			);
			dependencies = (
			);
			name = TaskManagement;
			productName = TaskManagement;
			productReference = BE0AFD4627A6BA12007A5E4D /* TaskManagement.app */;
			productType = "com.apple.product-type.application";
		};
		BE0AFD5527A6BA14007A5E4D /* TaskManagementTests */ = {
			isa = PBXNativeTarget;
			buildConfigurationList = BE0AFD6D27A6BA14007A5E4D /* Build configuration list for PBXNativeTarget "TaskManagementTests" */;
			buildPhases = (
				BE0AFD5227A6BA14007A5E4D /* Sources */,
				BE0AFD5327A6BA14007A5E4D /* Frameworks */,
				BE0AFD5427A6BA14007A5E4D /* Resources */,
			);
			buildRules = (
			);
			dependencies = (
				BE0AFD5827A6BA14007A5E4D /* PBXTargetDependency */,
			);
			name = TaskManagementTests;
			productName = TaskManagementTests;
			productReference = BE0AFD5627A6BA14007A5E4D /* TaskManagementTests.xctest */;
			productType = "com.apple.product-type.bundle.unit-test";
		};
		BE0AFD5F27A6BA14007A5E4D /* TaskManagementUITests */ = {
			isa = PBXNativeTarget;
			buildConfigurationList = BE0AFD7027A6BA14007A5E4D /* Build configuration list for PBXNativeTarget "TaskManagementUITests" */;
			buildPhases = (
				BE0AFD5C27A6BA14007A5E4D /* Sources */,
				BE0AFD5D27A6BA14007A5E4D /* Frameworks */,
				BE0AFD5E27A6BA14007A5E4D /* Resources */,
			);
			buildRules = (
			);
			dependencies = (
				BE0AFD6227A6BA14007A5E4D /* PBXTargetDependency */,
			);
			name = TaskManagementUITests;
			productName = TaskManagementUITests;
			productReference = BE0AFD6027A6BA14007A5E4D /* TaskManagementUITests.xctest */;
			productType = "com.apple.product-type.bundle.ui-testing";
		};
/* End PBXNativeTarget section */

/* Begin PBXProject section */
		BE0AFD3E27A6BA12007A5E4D /* Project object */ = {
			isa = PBXProject;
			attributes = {
				BuildIndependentTargetsInParallel = 1;
				LastSwiftUpdateCheck = 1300;
				LastUpgradeCheck = 1300;
				TargetAttributes = {
					BE0AFD4527A6BA12007A5E4D = {
						CreatedOnToolsVersion = 13.0;
					};
					BE0AFD5527A6BA14007A5E4D = {
						CreatedOnToolsVersion = 13.0;
						TestTargetID = BE0AFD4527A6BA12007A5E4D;
					};
					BE0AFD5F27A6BA14007A5E4D = {
						CreatedOnToolsVersion = 13.0;
						TestTargetID = BE0AFD4527A6BA12007A5E4D;
					};
				};
			};
			buildConfigurationList = BE0AFD4127A6BA12007A5E4D /* Build configuration list for PBXProject "TaskManagement" */;
			compatibilityVersion = "Xcode 13.0";
			developmentRegion = en;
			hasScannedForEncodings = 0;
			knownRegions = (
				en,
				Base,
			);
			mainGroup = BE0AFD3D27A6BA12007A5E4D;
			productRefGroup = BE0AFD4727A6BA12007A5E4D /* Products */;
			projectDirPath = "";
			projectRoot = "";
			targets = (
				BE0AFD4527A6BA12007A5E4D /* TaskManagement */,
				BE0AFD5527A6BA14007A5E4D /* TaskManagementTests */,
				BE0AFD5F27A6BA14007A5E4D /* TaskManagementUITests */,
			);
		};
/* End PBXProject section */

/* Begin PBXResourcesBuildPhase section */
		BE0AFD4427A6BA12007A5E4D /* Resources */ = {
			isa = PBXResourcesBuildPhase;
			buildActionMask = 2147483647;
			files = (
				BE0AFD5127A6BA14007A5E4D /* Preview Assets.xcassets in Resources */,
				BE0AFD4E27A6BA14007A5E4D /* Assets.xcassets in Resources */,
			);
			runOnlyForDeploymentPostprocessing = 0;
		};
		BE0AFD5427A6BA14007A5E4D /* Resources */ = {
			isa = PBXResourcesBuildPhase;
			buildActionMask = 2147483647;
			files = (
			);
			runOnlyForDeploymentPostprocessing = 0;
		};
		BE0AFD5E27A6BA14007A5E4D /* Resources */ = {
			isa = PBXResourcesBuildPhase;
			buildActionMask = 2147483647;
			files = (
			);
			runOnlyForDeploymentPostprocessing = 0;
		};
/* End PBXResourcesBuildPhase section */

/* Begin PBXSourcesBuildPhase section */
		BE0AFD4227A6BA12007A5E4D /* Sources */ = {
			isa = PBXSourcesBuildPhase;
			buildActionMask = 2147483647;
			files = (
				BE0AFD4C27A6BA12007A5E4D /* ContentView.swift in Sources */,
				BE0AFD7927A6BB65007A5E4D /* TaskViewModel.swift in Sources */,
				BE0AFD7627A6BABF007A5E4D /* Task.swift in Sources */,
				BE0AFD7B27A6BE7B007A5E4D /* HomeView.swift in Sources */,
				BE0AFD4A27A6BA12007A5E4D /* TaskManagementApp.swift in Sources */,
			);
			runOnlyForDeploymentPostprocessing = 0;
		};
		BE0AFD5227A6BA14007A5E4D /* Sources */ = {
			isa = PBXSourcesBuildPhase;
			buildActionMask = 2147483647;
			files = (
				BE0AFD5B27A6BA14007A5E4D /* TaskManagementTests.swift in Sources */,
			);
			runOnlyForDeploymentPostprocessing = 0;
		};
		BE0AFD5C27A6BA14007A5E4D /* Sources */ = {
			isa = PBXSourcesBuildPhase;
			buildActionMask = 2147483647;
			files = (
				BE0AFD6727A6BA14007A5E4D /* TaskManagementUITestsLaunchTests.swift in Sources */,
				BE0AFD6527A6BA14007A5E4D /* TaskManagementUITests.swift in Sources */,
			);
			runOnlyForDeploymentPostprocessing = 0;
		};
/* End PBXSourcesBuildPhase section */

/* Begin PBXTargetDependency section */
		BE0AFD5827A6BA14007A5E4D /* PBXTargetDependency */ = {
			isa = PBXTargetDependency;
			target = BE0AFD4527A6BA12007A5E4D /* TaskManagement */;
			targetProxy = BE0AFD5727A6BA14007A5E4D /* PBXContainerItemProxy */;
		};
		BE0AFD6227A6BA14007A5E4D /* PBXTargetDependency */ = {
			isa = PBXTargetDependency;
			target = BE0AFD4527A6BA12007A5E4D /* TaskManagement */;
			targetProxy = BE0AFD6127A6BA14007A5E4D /* PBXContainerItemProxy */;
		};
/* End PBXTargetDependency section */

/* Begin XCBuildConfiguration section */
		BE0AFD6827A6BA14007A5E4D /* Debug */ = {
			isa = XCBuildConfiguration;
			buildSettings = {
				ALWAYS_SEARCH_USER_PATHS = NO;
				CLANG_ANALYZER_NONNULL = YES;
				CLANG_ANALYZER_NUMBER_OBJECT_CONVERSION = YES_AGGRESSIVE;
				CLANG_CXX_LANGUAGE_STANDARD = "gnu++17";
				CLANG_CXX_LIBRARY = "libc++";
				CLANG_ENABLE_MODULES = YES;
				CLANG_ENABLE_OBJC_ARC = YES;
				CLANG_ENABLE_OBJC_WEAK = YES;
				CLANG_WARN_BLOCK_CAPTURE_AUTORELEASING = YES;
				CLANG_WARN_BOOL_CONVERSION = YES;
				CLANG_WARN_COMMA = YES;
				CLANG_WARN_CONSTANT_CONVERSION = YES;
				CLANG_WARN_DEPRECATED_OBJC_IMPLEMENTATIONS = YES;
				CLANG_WARN_DIRECT_OBJC_ISA_USAGE = YES_ERROR;
				CLANG_WARN_DOCUMENTATION_COMMENTS = YES;
				CLANG_WARN_EMPTY_BODY = YES;
				CLANG_WARN_ENUM_CONVERSION = YES;
				CLANG_WARN_INFINITE_RECURSION = YES;
				CLANG_WARN_INT_CONVERSION = YES;
				CLANG_WARN_NON_LITERAL_NULL_CONVERSION = YES;
				CLANG_WARN_OBJC_IMPLICIT_RETAIN_SELF = YES;
				CLANG_WARN_OBJC_LITERAL_CONVERSION = YES;
				CLANG_WARN_OBJC_ROOT_CLASS = YES_ERROR;
				CLANG_WARN_QUOTED_INCLUDE_IN_FRAMEWORK_HEADER = YES;
				CLANG_WARN_RANGE_LOOP_ANALYSIS = YES;
				CLANG_WARN_STRICT_PROTOTYPES = YES;
				CLANG_WARN_SUSPICIOUS_MOVE = YES;
				CLANG_WARN_UNGUARDED_AVAILABILITY = YES_AGGRESSIVE;
				CLANG_WARN_UNREACHABLE_CODE = YES;
				CLANG_WARN__DUPLICATE_METHOD_MATCH = YES;
				COPY_PHASE_STRIP = NO;
				DEBUG_INFORMATION_FORMAT = dwarf;
				ENABLE_STRICT_OBJC_MSGSEND = YES;
				ENABLE_TESTABILITY = YES;
				GCC_C_LANGUAGE_STANDARD = gnu11;
				GCC_DYNAMIC_NO_PIC = NO;
				GCC_NO_COMMON_BLOCKS = YES;
				GCC_OPTIMIZATION_LEVEL = 0;
				GCC_PREPROCESSOR_DEFINITIONS = (
					"DEBUG=1",
					"$(inherited)",
				);
				GCC_WARN_64_TO_32_BIT_CONVERSION = YES;
				GCC_WARN_ABOUT_RETURN_TYPE = YES_ERROR;
				GCC_WARN_UNDECLARED_SELECTOR = YES;
				GCC_WARN_UNINITIALIZED_AUTOS = YES_AGGRESSIVE;
				GCC_WARN_UNUSED_FUNCTION = YES;
				GCC_WARN_UNUSED_VARIABLE = YES;
				IPHONEOS_DEPLOYMENT_TARGET = 15.0;
				MTL_ENABLE_DEBUG_INFO = INCLUDE_SOURCE;
				MTL_FAST_MATH = YES;
				ONLY_ACTIVE_ARCH = YES;
				SDKROOT = iphoneos;
				SWIFT_ACTIVE_COMPILATION_CONDITIONS = DEBUG;
				SWIFT_OPTIMIZATION_LEVEL = "-Onone";
			};
			name = Debug;
		};
		BE0AFD6927A6BA14007A5E4D /* Release */ = {
			isa = XCBuildConfiguration;
			buildSettings = {
				ALWAYS_SEARCH_USER_PATHS = NO;
				CLANG_ANALYZER_NONNULL = YES;
				CLANG_ANALYZER_NUMBER_OBJECT_CONVERSION = YES_AGGRESSIVE;
				CLANG_CXX_LANGUAGE_STANDARD = "gnu++17";
				CLANG_CXX_LIBRARY = "libc++";
				CLANG_ENABLE_MODULES = YES;
				CLANG_ENABLE_OBJC_ARC = YES;
				CLANG_ENABLE_OBJC_WEAK = YES;
				CLANG_WARN_BLOCK_CAPTURE_AUTORELEASING = YES;
				CLANG_WARN_BOOL_CONVERSION = YES;
				CLANG_WARN_COMMA = YES;
				CLANG_WARN_CONSTANT_CONVERSION = YES;
				CLANG_WARN_DEPRECATED_OBJC_IMPLEMENTATIONS = YES;
				CLANG_WARN_DIRECT_OBJC_ISA_USAGE = YES_ERROR;
				CLANG_WARN_DOCUMENTATION_COMMENTS = YES;
				CLANG_WARN_EMPTY_BODY = YES;
				CLANG_WARN_ENUM_CONVERSION = YES;
				CLANG_WARN_INFINITE_RECURSION = YES;
				CLANG_WARN_INT_CONVERSION = YES;
				CLANG_WARN_NON_LITERAL_NULL_CONVERSION = YES;
				CLANG_WARN_OBJC_IMPLICIT_RETAIN_SELF = YES;
				CLANG_WARN_OBJC_LITERAL_CONVERSION = YES;
				CLANG_WARN_OBJC_ROOT_CLASS = YES_ERROR;
				CLANG_WARN_QUOTED_INCLUDE_IN_FRAMEWORK_HEADER = YES;
				CLANG_WARN_RANGE_LOOP_ANALYSIS = YES;
				CLANG_WARN_STRICT_PROTOTYPES = YES;
				CLANG_WARN_SUSPICIOUS_MOVE = YES;
				CLANG_WARN_UNGUARDED_AVAILABILITY = YES_AGGRESSIVE;
				CLANG_WARN_UNREACHABLE_CODE = YES;
				CLANG_WARN__DUPLICATE_METHOD_MATCH = YES;
				COPY_PHASE_STRIP = NO;
				DEBUG_INFORMATION_FORMAT = "dwarf-with-dsym";
				ENABLE_NS_ASSERTIONS = NO;
				ENABLE_STRICT_OBJC_MSGSEND = YES;
				GCC_C_LANGUAGE_STANDARD = gnu11;
				GCC_NO_COMMON_BLOCKS = YES;
				GCC_WARN_64_TO_32_BIT_CONVERSION = YES;
				GCC_WARN_ABOUT_RETURN_TYPE = YES_ERROR;
				GCC_WARN_UNDECLARED_SELECTOR = YES;
				GCC_WARN_UNINITIALIZED_AUTOS = YES_AGGRESSIVE;
				GCC_WARN_UNUSED_FUNCTION = YES;
				GCC_WARN_UNUSED_VARIABLE = YES;
				IPHONEOS_DEPLOYMENT_TARGET = 15.0;
				MTL_ENABLE_DEBUG_INFO = NO;
				MTL_FAST_MATH = YES;
				SDKROOT = iphoneos;
				SWIFT_COMPILATION_MODE = wholemodule;
				SWIFT_OPTIMIZATION_LEVEL = "-O";
				VALIDATE_PRODUCT = YES;
			};
			name = Release;
		};
		BE0AFD6B27A6BA14007A5E4D /* Debug */ = {
			isa = XCBuildConfiguration;
			buildSettings = {
				ASSETCATALOG_COMPILER_APPICON_NAME = AppIcon;
				ASSETCATALOG_COMPILER_GLOBAL_ACCENT_COLOR_NAME = AccentColor;
				CODE_SIGN_STYLE = Automatic;
				CURRENT_PROJECT_VERSION = 1;
				DEVELOPMENT_ASSET_PATHS = "\"TaskManagement/Preview Content\"";
				ENABLE_PREVIEWS = YES;
				GENERATE_INFOPLIST_FILE = YES;
				INFOPLIST_KEY_UIApplicationSceneManifest_Generation = YES;
				INFOPLIST_KEY_UIApplicationSupportsIndirectInputEvents = YES;
				INFOPLIST_KEY_UILaunchScreen_Generation = YES;
				INFOPLIST_KEY_UISupportedInterfaceOrientations_iPad = "UIInterfaceOrientationPortrait UIInterfaceOrientationPortraitUpsideDown UIInterfaceOrientationLandscapeLeft UIInterfaceOrientationLandscapeRight";
				INFOPLIST_KEY_UISupportedInterfaceOrientations_iPhone = "UIInterfaceOrientationPortrait UIInterfaceOrientationLandscapeLeft UIInterfaceOrientationLandscapeRight";
				IPHONEOS_DEPLOYMENT_TARGET = 15.0;
				LD_RUNPATH_SEARCH_PATHS = (
					"$(inherited)",
					"@executable_path/Frameworks",
				);
				MARKETING_VERSION = 1.0;
				PRODUCT_BUNDLE_IDENTIFIER = robotjeans.TaskManagement;
				PRODUCT_NAME = "$(TARGET_NAME)";
				SWIFT_EMIT_LOC_STRINGS = YES;
				SWIFT_VERSION = 5.0;
				TARGETED_DEVICE_FAMILY = "1,2";
			};
			name = Debug;
		};
		BE0AFD6C27A6BA14007A5E4D /* Release */ = {
			isa = XCBuildConfiguration;
			buildSettings = {
				ASSETCATALOG_COMPILER_APPICON_NAME = AppIcon;
				ASSETCATALOG_COMPILER_GLOBAL_ACCENT_COLOR_NAME = AccentColor;
				CODE_SIGN_STYLE = Automatic;
				CURRENT_PROJECT_VERSION = 1;
				DEVELOPMENT_ASSET_PATHS = "\"TaskManagement/Preview Content\"";
				ENABLE_PREVIEWS = YES;
				GENERATE_INFOPLIST_FILE = YES;
				INFOPLIST_KEY_UIApplicationSceneManifest_Generation = YES;
				INFOPLIST_KEY_UIApplicationSupportsIndirectInputEvents = YES;
				INFOPLIST_KEY_UILaunchScreen_Generation = YES;
				INFOPLIST_KEY_UISupportedInterfaceOrientations_iPad = "UIInterfaceOrientationPortrait UIInterfaceOrientationPortraitUpsideDown UIInterfaceOrientationLandscapeLeft UIInterfaceOrientationLandscapeRight";
				INFOPLIST_KEY_UISupportedInterfaceOrientations_iPhone = "UIInterfaceOrientationPortrait UIInterfaceOrientationLandscapeLeft UIInterfaceOrientationLandscapeRight";
				IPHONEOS_DEPLOYMENT_TARGET = 15.0;
				LD_RUNPATH_SEARCH_PATHS = (
					"$(inherited)",
					"@executable_path/Frameworks",
				);
				MARKETING_VERSION = 1.0;
				PRODUCT_BUNDLE_IDENTIFIER = robotjeans.TaskManagement;
				PRODUCT_NAME = "$(TARGET_NAME)";
				SWIFT_EMIT_LOC_STRINGS = YES;
				SWIFT_VERSION = 5.0;
				TARGETED_DEVICE_FAMILY = "1,2";
			};
			name = Release;
		};
		BE0AFD6E27A6BA14007A5E4D /* Debug */ = {
			isa = XCBuildConfiguration;
			buildSettings = {
				ALWAYS_EMBED_SWIFT_STANDARD_LIBRARIES = YES;
				BUNDLE_LOADER = "$(TEST_HOST)";
				CODE_SIGN_STYLE = Automatic;
				CURRENT_PROJECT_VERSION = 1;
				GENERATE_INFOPLIST_FILE = YES;
				IPHONEOS_DEPLOYMENT_TARGET = 14.0;
				LD_RUNPATH_SEARCH_PATHS = (
					"$(inherited)",
					"@executable_path/Frameworks",
					"@loader_path/Frameworks",
				);
				MARKETING_VERSION = 1.0;
				PRODUCT_BUNDLE_IDENTIFIER = robotjeans.TaskManagementTests;
				PRODUCT_NAME = "$(TARGET_NAME)";
				SWIFT_EMIT_LOC_STRINGS = NO;
				SWIFT_VERSION = 5.0;
				TARGETED_DEVICE_FAMILY = "1,2";
				TEST_HOST = "$(BUILT_PRODUCTS_DIR)/TaskManagement.app/TaskManagement";
			};
			name = Debug;
		};
		BE0AFD6F27A6BA14007A5E4D /* Release */ = {
			isa = XCBuildConfiguration;
			buildSettings = {
				ALWAYS_EMBED_SWIFT_STANDARD_LIBRARIES = YES;
				BUNDLE_LOADER = "$(TEST_HOST)";
				CODE_SIGN_STYLE = Automatic;
				CURRENT_PROJECT_VERSION = 1;
				GENERATE_INFOPLIST_FILE = YES;
				IPHONEOS_DEPLOYMENT_TARGET = 14.0;
				LD_RUNPATH_SEARCH_PATHS = (
					"$(inherited)",
					"@executable_path/Frameworks",
					"@loader_path/Frameworks",
				);
				MARKETING_VERSION = 1.0;
				PRODUCT_BUNDLE_IDENTIFIER = robotjeans.TaskManagementTests;
				PRODUCT_NAME = "$(TARGET_NAME)";
				SWIFT_EMIT_LOC_STRINGS = NO;
				SWIFT_VERSION = 5.0;
				TARGETED_DEVICE_FAMILY = "1,2";
				TEST_HOST = "$(BUILT_PRODUCTS_DIR)/TaskManagement.app/TaskManagement";
			};
			name = Release;
		};
		BE0AFD7127A6BA14007A5E4D /* Debug */ = {
			isa = XCBuildConfiguration;
			buildSettings = {
				ALWAYS_EMBED_SWIFT_STANDARD_LIBRARIES = YES;
				CODE_SIGN_STYLE = Automatic;
				CURRENT_PROJECT_VERSION = 1;
				GENERATE_INFOPLIST_FILE = YES;
				LD_RUNPATH_SEARCH_PATHS = (
					"$(inherited)",
					"@executable_path/Frameworks",
					"@loader_path/Frameworks",
				);
				MARKETING_VERSION = 1.0;
				PRODUCT_BUNDLE_IDENTIFIER = robotjeans.TaskManagementUITests;
				PRODUCT_NAME = "$(TARGET_NAME)";
				SWIFT_EMIT_LOC_STRINGS = NO;
				SWIFT_VERSION = 5.0;
				TARGETED_DEVICE_FAMILY = "1,2";
				TEST_TARGET_NAME = TaskManagement;
			};
			name = Debug;
		};
		BE0AFD7227A6BA14007A5E4D /* Release */ = {
			isa = XCBuildConfiguration;
			buildSettings = {
				ALWAYS_EMBED_SWIFT_STANDARD_LIBRARIES = YES;
				CODE_SIGN_STYLE = Automatic;
				CURRENT_PROJECT_VERSION = 1;
				GENERATE_INFOPLIST_FILE = YES;
				LD_RUNPATH_SEARCH_PATHS = (
					"$(inherited)",
					"@executable_path/Frameworks",
					"@loader_path/Frameworks",
				);
				MARKETING_VERSION = 1.0;
				PRODUCT_BUNDLE_IDENTIFIER = robotjeans.TaskManagementUITests;
				PRODUCT_NAME = "$(TARGET_NAME)";
				SWIFT_EMIT_LOC_STRINGS = NO;
				SWIFT_VERSION = 5.0;
				TARGETED_DEVICE_FAMILY = "1,2";
				TEST_TARGET_NAME = TaskManagement;
			};
			name = Release;
		};
/* End XCBuildConfiguration section */

/* Begin XCConfigurationList section */
		BE0AFD4127A6BA12007A5E4D /* Build configuration list for PBXProject "TaskManagement" */ = {
			isa = XCConfigurationList;
			buildConfigurations = (
				BE0AFD6827A6BA14007A5E4D /* Debug */,
				BE0AFD6927A6BA14007A5E4D /* Release */,
			);
			defaultConfigurationIsVisible = 0;
			defaultConfigurationName = Release;
		};
		BE0AFD6A27A6BA14007A5E4D /* Build configuration list for PBXNativeTarget "TaskManagement" */ = {
			isa = XCConfigurationList;
			buildConfigurations = (
				BE0AFD6B27A6BA14007A5E4D /* Debug */,
				BE0AFD6C27A6BA14007A5E4D /* Release */,
			);
			defaultConfigurationIsVisible = 0;
			defaultConfigurationName = Release;
		};
		BE0AFD6D27A6BA14007A5E4D /* Build configuration list for PBXNativeTarget "TaskManagementTests" */ = {
			isa = XCConfigurationList;
			buildConfigurations = (
				BE0AFD6E27A6BA14007A5E4D /* Debug */,
				BE0AFD6F27A6BA14007A5E4D /* Release */,
			);
			defaultConfigurationIsVisible = 0;
			defaultConfigurationName = Release;
		};
		BE0AFD7027A6BA14007A5E4D /* Build configuration list for PBXNativeTarget "TaskManagementUITests" */ = {
			isa = XCConfigurationList;
			buildConfigurations = (
				BE0AFD7127A6BA14007A5E4D /* Debug */,
				BE0AFD7227A6BA14007A5E4D /* Release */,
			);
			defaultConfigurationIsVisible = 0;
			defaultConfigurationName = Release;
		};
/* End XCConfigurationList section */
	};
	rootObject = BE0AFD3E27A6BA12007A5E4D /* Project object */;
}
